
Microsoft Visual Studio Solution File, Format Version 12.00
# Visual Studio Version 16
VisualStudioVersion = 16.0.29009.5
MinimumVisualStudioVersion = 10.0.40219.1
Project("{FAE04EC0-301F-11D3-BF4B-00C04F79EFBC}") = "GC.Web", "GC.Web\GC.Web.csproj", "{07E84D20-3C6A-4CFE-8658-9524F64BDE24}"
EndProject
Global
	GlobalSection(SolutionConfigurationPlatforms) = preSolution
		Debug|Any CPU = Debug|Any CPU
		Release|Any CPU = Release|Any CPU
	EndGlobalSection
	GlobalSection(ProjectConfigurationPlatforms) = postSolution
		{07E84D20-3C6A-4CFE-8658-9524F64BDE24}.Debug|Any CPU.ActiveCfg = Debug|Any CPU
		{07E84D20-3C6A-4CFE-8658-9524F64BDE24}.Debug|Any CPU.Build.0 = Debug|Any CPU
		{07E84D20-3C6A-4CFE-8658-9524F64BDE24}.Release|Any CPU.ActiveCfg = Release|Any CPU
		{07E84D20-3C6A-4CFE-8658-9524F64BDE24}.Release|Any CPU.Build.0 = Release|Any CPU
	EndGlobalSection
	GlobalSection(SolutionProperties) = preSolution
		HideSolutionNode = FALSE
	EndGlobalSection
	GlobalSection(ExtensibilityGlobals) = postSolution
		SolutionGuid = {C2BD0E5A-F696-4636-A866-074A712040CC}
	EndGlobalSection
EndGlobal
